
Microsoft Visual Studio Solution File, Format Version 12.00
# Visual Studio Version 17
VisualStudioVersion = 17.2.32630.192
MinimumVisualStudioVersion = 10.0.40219.1
Project("{9A19103F-16F7-4668-BE54-9A1E7A4F7556}") = "BlazorApp", "BlazorApp\BlazorApp.csproj", "{A9E28275-1153-4FBF-BE1E-3F318DA121A3}"
EndProject
Global
	GlobalSection(SolutionConfigurationPlatforms) = preSolution
		Debug|Any CPU = Debug|Any CPU
		Release|Any CPU = Release|Any CPU
	EndGlobalSection
	GlobalSection(ProjectConfigurationPlatforms) = postSolution
		{A9E28275-1153-4FBF-BE1E-3F318DA121A3}.Debug|Any CPU.ActiveCfg = Debug|Any CPU
		{A9E28275-1153-4FBF-BE1E-3F318DA121A3}.Debug|Any CPU.Build.0 = Debug|Any CPU
		{A9E28275-1153-4FBF-BE1E-3F318DA121A3}.Release|Any CPU.ActiveCfg = Release|Any CPU
		{A9E28275-1153-4FBF-BE1E-3F318DA121A3}.Release|Any CPU.Build.0 = Release|Any CPU
	EndGlobalSection
	GlobalSection(SolutionProperties) = preSolution
		HideSolutionNode = FALSE
	EndGlobalSection
	GlobalSection(ExtensibilityGlobals) = postSolution
		SolutionGuid = {7D434C28-2276-4BD0-8B00-43FF5B4E56B3}
	EndGlobalSection
EndGlobal
